
Microsoft Visual Studio Solution File, Format Version 12.00
# Visual Studio Version 16
VisualStudioVersion = 16.0.30104.148
MinimumVisualStudioVersion = 10.0.40219.1
Project("{FAE04EC0-301F-11D3-BF4B-00C04F79EFBC}") = "vFDIO", "vFDIO\vFDIO.csproj", "{BF51EABD-F160-494F-AB27-EA2D7F0C366D}"
EndProject
Global
	GlobalSection(SolutionConfigurationPlatforms) = preSolution
		Debug|Any CPU = Debug|Any CPU
		Release|Any CPU = Release|Any CPU
	EndGlobalSection
	GlobalSection(ProjectConfigurationPlatforms) = postSolution
		{BF51EABD-F160-494F-AB27-EA2D7F0C366D}.Debug|Any CPU.ActiveCfg = Debug|Any CPU
		{BF51EABD-F160-494F-AB27-EA2D7F0C366D}.Debug|Any CPU.Build.0 = Debug|Any CPU
		{BF51EABD-F160-494F-AB27-EA2D7F0C366D}.Release|Any CPU.ActiveCfg = Release|Any CPU
		{BF51EABD-F160-494F-AB27-EA2D7F0C366D}.Release|Any CPU.Build.0 = Release|Any CPU
	EndGlobalSection
	GlobalSection(SolutionProperties) = preSolution
		HideSolutionNode = FALSE
	EndGlobalSection
	GlobalSection(ExtensibilityGlobals) = postSolution
		SolutionGuid = {F8FBEA2A-FF8C-435B-B150-CDED4CB2764F}
	EndGlobalSection
EndGlobal
